<?xml version="1.0" encoding="utf-8"?>
<Project ToolsVersion="4.0" xmlns="http://schemas.microsoft.com/developer/msbuild/2003">
  <ItemGroup>
    <ClCompile Include="Main.cpp" />
    <ClCompile Include="Core\Components\RectRenderer.cpp" />
    <ClCompile Include="Core\Components\Renderer.cpp" />
    <ClCompile Include="Core\Components\RigidBody.cpp" />
    <ClCompile Include="Core\Components\Transform.cpp" />
    <ClCompile Include="Core\Components\TriRenderer.cpp" />
    <ClCompile Include="Core\ECS\Component.cpp" />
    <ClCompile Include="Core\ECS\Entity.cpp" />
    <ClCompile Include="Core\ECS\Scene.cpp" />
    <ClCompile Include="Core\Entities\CoordinateGrid.cpp" />
    <ClCompile Include="Core\Misc\Colour.cpp" />
    <ClCompile Include="Core\Misc\Debug.cpp" />
    <ClCompile Include="Core\Misc\Input.cpp" />
    <ClCompile Include="Core\Misc\TickTimer.cpp" />
    <ClCompile Include="Core\EngineManager.cpp" />
    <ClCompile Include="Assignment\PhysicsTestScene.cpp" />
    <ClCompile Include="Assignment\PinballGame.cpp" />
    <ClCompile Include="Assignment\PinballGameLevel.cpp" />
    <ClCompile Include="Assignment\Player.cpp" />
    <ClCompile Include="Assignment\PlayerMovement.cpp" />
    <ClCompile Include="Assignment\StaticCollider.cpp" />
  </ItemGroup>
  <ItemGroup>
    <None Include="packages.config" />
    <None Include="BAMT.APS" />
  </ItemGroup>
  <ItemGroup>
    <ClInclude Include="Core\Components\RectRenderer.h" />
    <ClInclude Include="Core\Components\Renderer.h" />
    <ClInclude Include="Core\Components\RigidBody.h" />
    <ClInclude Include="Core\Components\Transform.h" />
    <ClInclude Include="Core\Components\TriRenderer.h" />
    <ClInclude Include="Core\ECS\Component.h" />
    <ClInclude Include="Core\ECS\Entity.h" />
    <ClInclude Include="Core\ECS\Scene.h" />
    <ClInclude Include="Core\Entities\CoordinateGrid.h" />
    <ClInclude Include="Core\Misc\Colour.h" />
    <ClInclude Include="Core\Misc\Debug.h" />
    <ClInclude Include="Core\Misc\Input.h" />
    <ClInclude Include="Core\Misc\TickTimer.h" />
    <ClInclude Include="Core\EngineManager.h" />
    <ClInclude Include="Core\EngineSettings.h" />
    <ClInclude Include="Assignment\PhysicsTestScene.h" />
    <ClInclude Include="Assignment\PinballGame.h" />
    <ClInclude Include="Assignment\PinballGameLevel.h" />
    <ClInclude Include="Assignment\Player.h" />
    <ClInclude Include="Assignment\PlayerMovement.h" />
    <ClInclude Include="Assignment\StaticCollider.h" />
    <ClInclude Include="resource.h" />
  </ItemGroup>
  <ItemGroup>
    <ResourceCompile Include="BAMT.rc" />
  </ItemGroup>
  <ItemGroup>
    <Image Include="Assets\Icons\BAMT Logo.bmp" />
    <Image Include="Assets\Icons\Logo.png" />
    <Image Include="Assets\Icons\TaskbarIcon.png" />
  </ItemGroup>
</Project>