<?xml version="1.0" encoding="utf-8"?>
<Project ToolsVersion="4.0" xmlns="http://schemas.microsoft.com/developer/msbuild/2003">
  <ItemGroup>
    <Filter Include="Resource Files">
      <UniqueIdentifier>{67DA6AB6-F800-4c08-8B7A-83BB121AAD01}</UniqueIdentifier>
      <Extensions>rc;ico;cur;bmp;dlg;rc2;rct;bin;rgs;gif;jpg;jpeg;jpe;resx;tiff;tif;png;wav;mfcribbon-ms</Extensions>
    </Filter>
    <Filter Include="Header Files">
      <UniqueIdentifier>{93995380-89BD-4b04-88EB-625FBE52EBFB}</UniqueIdentifier>
      <Extensions>h;hh;hpp;hxx;h++;hm;inl;inc;ipp;xsd</Extensions>
    </Filter>
    <Filter Include="Source Files">
      <UniqueIdentifier>{3de4465e-369e-4e6b-bac2-8be34249bc75}</UniqueIdentifier>
    </Filter>
    <Filter Include="Header Files\ECS">
      <UniqueIdentifier>{8a812d67-9bc2-414e-b140-e377a462af39}</UniqueIdentifier>
    </Filter>
    <Filter Include="Header Files\CORE">
      <UniqueIdentifier>{50b81064-f9bf-4a8e-9dcd-7c7604f79d0a}</UniqueIdentifier>
    </Filter>
    <Filter Include="Source Files\ECS">
      <UniqueIdentifier>{233cfed0-5aab-4032-a383-6660a44bdef5}</UniqueIdentifier>
    </Filter>
    <Filter Include="Source Files\CORE">
      <UniqueIdentifier>{b91966c1-fe41-48eb-916d-ab08f78471e5}</UniqueIdentifier>
    </Filter>
    <Filter Include="Source Files\Components">
      <UniqueIdentifier>{6a65175c-cccc-42aa-a6f5-edd3a2b1d0d7}</UniqueIdentifier>
    </Filter>
    <Filter Include="Header Files\ECS\Custom Components">
      <UniqueIdentifier>{d0b0aa46-7972-4e49-ba36-ebffa2553ca9}</UniqueIdentifier>
    </Filter>
    <Filter Include="Source Files\ECS\CustomComponents">
      <UniqueIdentifier>{e06fe11d-f4c6-4483-89c0-d4a044b9fca8}</UniqueIdentifier>
    </Filter>
    <Filter Include="Header Files\ECS\Prefab Entities">
      <UniqueIdentifier>{0a6ba610-32e5-420d-bbcd-9db8681156a1}</UniqueIdentifier>
    </Filter>
    <Filter Include="Source Files\ECS\Prefab Entities">
      <UniqueIdentifier>{de1df573-abbc-418e-85dc-1b017a6a37de}</UniqueIdentifier>
    </Filter>
  </ItemGroup>
  <ItemGroup>
    <ClCompile Include="Main.cpp" />
    <ClCompile Include="Entity.cpp">
      <Filter>Source Files\ECS</Filter>
    </ClCompile>
    <ClCompile Include="Component.cpp">
      <Filter>Source Files\ECS</Filter>
    </ClCompile>
    <ClCompile Include="EngineManager.cpp">
      <Filter>Source Files\CORE</Filter>
    </ClCompile>
    <ClCompile Include="Debug.cpp">
      <Filter>Source Files\CORE</Filter>
    </ClCompile>
    <ClCompile Include="Input.cpp">
      <Filter>Source Files\CORE</Filter>
    </ClCompile>
    <ClCompile Include="TickTimer.cpp">
      <Filter>Source Files\CORE</Filter>
    </ClCompile>
    <ClCompile Include="RectRenderer.cpp">
      <Filter>Source Files\ECS\CustomComponents</Filter>
    </ClCompile>
    <ClCompile Include="TestComponent.cpp">
      <Filter>Source Files\ECS\CustomComponents</Filter>
    </ClCompile>
    <ClCompile Include="TriRenderer.cpp">
      <Filter>Source Files\ECS\CustomComponents</Filter>
    </ClCompile>
    <ClCompile Include="Transform.cpp">
      <Filter>Source Files\ECS\CustomComponents</Filter>
    </ClCompile>
    <ClCompile Include="GameObject.cpp">
      <Filter>Source Files\ECS\Prefab Entities</Filter>
    </ClCompile>
  </ItemGroup>
  <ItemGroup>
    <ClInclude Include="Entity.h">
      <Filter>Header Files\ECS</Filter>
    </ClInclude>
    <ClInclude Include="Component.h">
      <Filter>Header Files\ECS</Filter>
    </ClInclude>
    <ClInclude Include="EngineManager.h">
      <Filter>Header Files\CORE</Filter>
    </ClInclude>
    <ClInclude Include="TickTimer.h">
      <Filter>Header Files\CORE</Filter>
    </ClInclude>
    <ClInclude Include="Input.h">
      <Filter>Header Files\CORE</Filter>
    </ClInclude>
    <ClInclude Include="Debug.h">
      <Filter>Header Files\CORE</Filter>
    </ClInclude>
    <ClInclude Include="TestComponent.h">
      <Filter>Header Files\ECS\Custom Components</Filter>
    </ClInclude>
    <ClInclude Include="RectRenderer.h">
      <Filter>Header Files\ECS\Custom Components</Filter>
    </ClInclude>
    <ClInclude Include="TriRenderer.h">
      <Filter>Header Files\ECS\Custom Components</Filter>
    </ClInclude>
    <ClInclude Include="GameObject.h">
      <Filter>Header Files\ECS\Prefab Entities</Filter>
    </ClInclude>
    <ClInclude Include="Transform.h">
      <Filter>Header Files\ECS\Custom Components</Filter>
    </ClInclude>
  </ItemGroup>
  <ItemGroup>
    <None Include="packages.config" />
  </ItemGroup>
</Project>