<?xml version="1.0" encoding="utf-8"?>
<Project ToolsVersion="4.0" xmlns="http://schemas.microsoft.com/developer/msbuild/2003">
  <ItemGroup>
    <Filter Include="CORE">
      <UniqueIdentifier>{a964c117-6298-431a-bdc4-2bba4f5b5683}</UniqueIdentifier>
    </Filter>
    <Filter Include="CORE\ECS">
      <UniqueIdentifier>{daa747bb-78dd-4985-af44-ac92c152319f}</UniqueIdentifier>
    </Filter>
    <Filter Include="CORE\ENGINE">
      <UniqueIdentifier>{28577eb0-2313-4243-a5a0-d35097ef4dbd}</UniqueIdentifier>
    </Filter>
    <Filter Include="CORE\DEBUG">
      <UniqueIdentifier>{b69c9577-90e1-4aa3-b7f9-4dc0c7d0c697}</UniqueIdentifier>
    </Filter>
    <Filter Include="CORE\INPUT">
      <UniqueIdentifier>{520a7eb6-81bc-46cc-8f32-9c2c2c97125b}</UniqueIdentifier>
    </Filter>
    <Filter Include="CORE\COMPONENTS">
      <UniqueIdentifier>{965fdec2-7f9d-4ee1-a19b-b3ef286b4e3e}</UniqueIdentifier>
    </Filter>
    <Filter Include="CORE\ENTITIES">
      <UniqueIdentifier>{0bef143a-4037-4396-86db-6f2bde31652f}</UniqueIdentifier>
    </Filter>
    <Filter Include="ASSIGNMENT PALLET">
      <UniqueIdentifier>{8d150467-698b-4c95-b552-6da5216636a6}</UniqueIdentifier>
    </Filter>
    <Filter Include="ASSIGNMENT PALLET\COMPONENTS">
      <UniqueIdentifier>{7e1d7943-dd88-479d-aeb6-41bf5e7a55f9}</UniqueIdentifier>
    </Filter>
    <Filter Include="ASSIGNMENT PALLET\ENTITIES">
      <UniqueIdentifier>{9ce8bfd6-a7e0-45a1-8f72-5e097968ca9f}</UniqueIdentifier>
    </Filter>
    <Filter Include="WORKSHOP PALLET">
      <UniqueIdentifier>{0548a9f1-861c-4dd9-a68d-09a12c59638c}</UniqueIdentifier>
    </Filter>
    <Filter Include="WORKSHOP PALLET\COMPONENTS">
      <UniqueIdentifier>{30d3c45b-c202-4a9e-af90-c26c13d99ea9}</UniqueIdentifier>
    </Filter>
    <Filter Include="WORKSHOP PALLET\ENTITIES">
      <UniqueIdentifier>{45199b2a-c0f5-4b1d-8eb6-2ee89ad3dd4d}</UniqueIdentifier>
    </Filter>
  </ItemGroup>
  <ItemGroup>
    <ClCompile Include="Main.cpp" />
    <ClCompile Include="Component.cpp">
      <Filter>CORE\ECS</Filter>
    </ClCompile>
    <ClCompile Include="Entity.cpp">
      <Filter>CORE\ECS</Filter>
    </ClCompile>
    <ClCompile Include="EngineManager.cpp">
      <Filter>CORE\ENGINE</Filter>
    </ClCompile>
    <ClCompile Include="Debug.cpp">
      <Filter>CORE\DEBUG</Filter>
    </ClCompile>
    <ClCompile Include="TickTimer.cpp">
      <Filter>CORE\ENGINE</Filter>
    </ClCompile>
    <ClCompile Include="Input.cpp">
      <Filter>CORE\INPUT</Filter>
    </ClCompile>
    <ClCompile Include="TriRenderer.cpp">
      <Filter>CORE\COMPONENTS</Filter>
    </ClCompile>
    <ClCompile Include="Transform.cpp">
      <Filter>CORE\COMPONENTS</Filter>
    </ClCompile>
    <ClCompile Include="RigidBody.cpp">
      <Filter>CORE\COMPONENTS</Filter>
    </ClCompile>
    <ClCompile Include="RectRenderer.cpp">
      <Filter>CORE\COMPONENTS</Filter>
    </ClCompile>
    <ClCompile Include="CellLogic.cpp">
      <Filter>WORKSHOP PALLET\COMPONENTS</Filter>
    </ClCompile>
    <ClCompile Include="GameOfLife.cpp">
      <Filter>WORKSHOP PALLET\ENTITIES</Filter>
    </ClCompile>
    <ClCompile Include="LifeCell.cpp">
      <Filter>WORKSHOP PALLET\ENTITIES</Filter>
    </ClCompile>
    <ClCompile Include="PlayerMovement.cpp">
      <Filter>ASSIGNMENT PALLET\COMPONENTS</Filter>
    </ClCompile>
    <ClCompile Include="Player.cpp">
      <Filter>ASSIGNMENT PALLET\ENTITIES</Filter>
    </ClCompile>
    <ClCompile Include="Renderer.cpp">
      <Filter>CORE\COMPONENTS</Filter>
    </ClCompile>
    <ClCompile Include="Colour.cpp">
      <Filter>CORE\COMPONENTS</Filter>
    </ClCompile>
  </ItemGroup>
  <ItemGroup>
    <ClInclude Include="Component.h">
      <Filter>CORE\ECS</Filter>
    </ClInclude>
    <ClInclude Include="Entity.h">
      <Filter>CORE\ECS</Filter>
    </ClInclude>
    <ClInclude Include="EngineManager.h">
      <Filter>CORE\ENGINE</Filter>
    </ClInclude>
    <ClInclude Include="Debug.h">
      <Filter>CORE\DEBUG</Filter>
    </ClInclude>
    <ClInclude Include="TickTimer.h">
      <Filter>CORE\ENGINE</Filter>
    </ClInclude>
    <ClInclude Include="Input.h">
      <Filter>CORE\INPUT</Filter>
    </ClInclude>
    <ClInclude Include="Transform.h">
      <Filter>CORE\COMPONENTS</Filter>
    </ClInclude>
    <ClInclude Include="RigidBody.h">
      <Filter>CORE\COMPONENTS</Filter>
    </ClInclude>
    <ClInclude Include="RectRenderer.h">
      <Filter>CORE\COMPONENTS</Filter>
    </ClInclude>
    <ClInclude Include="TriRenderer.h">
      <Filter>CORE\COMPONENTS</Filter>
    </ClInclude>
    <ClInclude Include="CellLogic.h">
      <Filter>WORKSHOP PALLET\COMPONENTS</Filter>
    </ClInclude>
    <ClInclude Include="GameOfLife.h">
      <Filter>WORKSHOP PALLET\ENTITIES</Filter>
    </ClInclude>
    <ClInclude Include="LifeCell.h">
      <Filter>WORKSHOP PALLET\ENTITIES</Filter>
    </ClInclude>
    <ClInclude Include="PlayerMovement.h">
      <Filter>ASSIGNMENT PALLET\COMPONENTS</Filter>
    </ClInclude>
    <ClInclude Include="Player.h">
      <Filter>ASSIGNMENT PALLET\ENTITIES</Filter>
    </ClInclude>
    <ClInclude Include="Colour.h">
      <Filter>CORE\COMPONENTS</Filter>
    </ClInclude>
    <ClInclude Include="Renderer.h">
      <Filter>CORE\COMPONENTS</Filter>
    </ClInclude>
  </ItemGroup>
  <ItemGroup>
    <None Include="packages.config" />
  </ItemGroup>
</Project>